version = 1
revision = 3
requires-python = "==3.14.*"

[[package]]
name = "backtest-compilation"
version = "1.0.0"
source = { virtual = "." }
dependencies = [
    { name = "google-api-python-client" },
    { name = "google-auth-httplib2" },
    { name = "google-auth-oauthlib" },
    { name = "gspread" },
    { name = "pymongo" },
    { name = "python-dotenv" },
    { name = "sentry-sdk" },
]

[package.metadata]
requires-dist = [
    { name = "google-api-python-client", specifier = ">=2.159.0" },
    { name = "google-auth-httplib2", specifier = ">=0.2.0" },
    { name = "google-auth-oauthlib", specifier = ">=1.2.1" },
    { name = "gspread", specifier = ">=6.1.4" },
    { name = "pymongo", specifier = ">=4.14.0" },
    { name = "python-dotenv", specifier = ">=1.0.1" },
    { name = "sentry-sdk", specifier = ">=2.20.0" },
]

[[package]]
name = "cachetools"
version = "6.2.4"
source = { registry = "https://pypi.org/simple" }
sdist = { url = "https://files.pythonhosted.org/packages/bc/1d/ede8680603f6016887c062a2cf4fc8fdba905866a3ab8831aa8aa651320c/cachetools-6.2.4.tar.gz", hash = "sha256:82c5c05585e70b6ba2d3ae09ea60b79548872185d2f24ae1f2709d37299fd607", size = 31731, upload-time = "2025-12-15T18:24:53.744Z" }
wheels = [
    { url = "https://files.pythonhosted.org/packages/2c/fc/1d7b80d0eb7b714984ce40efc78859c022cd930e402f599d8ca9e39c78a4/cachetools-6.2.4-py3-none-any.whl", hash = "sha256:69a7a52634fed8b8bf6e24a050fb60bff1c9bd8f6d24572b99c32d4e71e62a51", size = 11551, upload-time = "2025-12-15T18:24:52.332Z" },
]

[[package]]
name = "certifi"
version = "2025.11.12"
source = { registry = "https://pypi.org/simple" }
sdist = { url = "https://files.pythonhosted.org/packages/a2/8c/58f469717fa48465e4a50c014a0400602d3c437d7c0c468e17ada824da3a/certifi-2025.11.12.tar.gz", hash = "sha256:d8ab5478f2ecd78af242878415affce761ca6bc54a22a27e026d7c25357c3316", size = 160538, upload-time = "2025-11-12T02:54:51.517Z" }
wheels = [
    { url = "https://files.pythonhosted.org/packages/70/7d/9bc192684cea499815ff478dfcdc13835ddf401365057044fb721ec6bddb/certifi-2025.11.12-py3-none-any.whl", hash = "sha256:97de8790030bbd5c2d96b7ec782fc2f7820ef8dba6db909ccf95449f2d062d4b", size = 159438, upload-time = "2025-11-12T02:54:49.735Z" },
]

[[package]]
name = "charset-normalizer"
version = "3.4.4"
source = { registry = "https://pypi.org/simple" }
sdist = { url = "https://files.pythonhosted.org/packages/13/69/33ddede1939fdd074bce5434295f38fae7136463422fe4fd3e0e89b98062/charset_normalizer-3.4.4.tar.gz", hash = "sha256:94537985111c35f28720e43603b8e7b43a6ecfb2ce1d3058bbe955b73404e21a", size = 129418, upload-time = "2025-10-14T04:42:32.879Z" }
wheels = [
    { url = "https://files.pythonhosted.org/packages/2a/35/7051599bd493e62411d6ede36fd5af83a38f37c4767b92884df7301db25d/charset_normalizer-3.4.4-cp314-cp314-macosx_10_13_universal2.whl", hash = "sha256:da3326d9e65ef63a817ecbcc0df6e94463713b754fe293eaa03da99befb9a5bd", size = 207746, upload-time = "2025-10-14T04:41:33.773Z" },
    { url = "https://files.pythonhosted.org/packages/10/9a/97c8d48ef10d6cd4fcead2415523221624bf58bcf68a802721a6bc807c8f/charset_normalizer-3.4.4-cp314-cp314-manylinux2014_aarch64.manylinux_2_17_aarch64.manylinux_2_28_aarch64.whl", hash = "sha256:8af65f14dc14a79b924524b1e7fffe304517b2bff5a58bf64f30b98bbc5079eb", size = 147889, upload-time = "2025-10-14T04:41:34.897Z" },
    { url = "https://files.pythonhosted.org/packages/10/bf/979224a919a1b606c82bd2c5fa49b5c6d5727aa47b4312bb27b1734f53cd/charset_normalizer-3.4.4-cp314-cp314-manylinux2014_armv7l.manylinux_2_17_armv7l.manylinux_2_31_armv7l.whl", hash = "sha256:74664978bb272435107de04e36db5a9735e78232b85b77d45cfb38f758efd33e", size = 143641, upload-time = "2025-10-14T04:41:36.116Z" },
    { url = "https://files.pythonhosted.org/packages/ba/33/0ad65587441fc730dc7bd90e9716b30b4702dc7b617e6ba4997dc8651495/charset_normalizer-3.4.4-cp314-cp314-manylinux2014_ppc64le.manylinux_2_17_ppc64le.manylinux_2_28_ppc64le.whl", hash = "sha256:752944c7ffbfdd10c074dc58ec2d5a8a4cd9493b314d367c14d24c17684ddd14", size = 160779, upload-time = "2025-10-14T04:41:37.229Z" },
    { url = "https://files.pythonhosted.org/packages/67/ed/331d6b249259ee71ddea93f6f2f0a56cfebd46938bde6fcc6f7b9a3d0e09/charset_normalizer-3.4.4-cp314-cp314-manylinux2014_s390x.manylinux_2_17_s390x.manylinux_2_28_s390x.whl", hash = "sha256:d1f13550535ad8cff21b8d757a3257963e951d96e20ec82ab44bc64aeb62a191", size = 159035, upload-time = "2025-10-14T04:41:38.368Z" },
    { url = "https://files.pythonhosted.org/packages/67/ff/f6b948ca32e4f2a4576aa129d8bed61f2e0543bf9f5f2b7fc3758ed005c9/charset_normalizer-3.4.4-cp314-cp314-manylinux2014_x86_64.manylinux_2_17_x86_64.manylinux_2_28_x86_64.whl", hash = "sha256:ecaae4149d99b1c9e7b88bb03e3221956f68fd6d50be2ef061b2381b61d20838", size = 152542, upload-time = "2025-10-14T04:41:39.862Z" },
    { url = "https://files.pythonhosted.org/packages/16/85/276033dcbcc369eb176594de22728541a925b2632f9716428c851b149e83/charset_normalizer-3.4.4-cp314-cp314-manylinux_2_31_riscv64.manylinux_2_39_riscv64.whl", hash = "sha256:cb6254dc36b47a990e59e1068afacdcd02958bdcce30bb50cc1700a8b9d624a6", size = 149524, upload-time = "2025-10-14T04:41:41.319Z" },
    { url = "https://files.pythonhosted.org/packages/9e/f2/6a2a1f722b6aba37050e626530a46a68f74e63683947a8acff92569f979a/charset_normalizer-3.4.4-cp314-cp314-musllinux_1_2_aarch64.whl", hash = "sha256:c8ae8a0f02f57a6e61203a31428fa1d677cbe50c93622b4149d5c0f319c1d19e", size = 150395, upload-time = "2025-10-14T04:41:42.539Z" },
    { url = "https://files.pythonhosted.org/packages/60/bb/2186cb2f2bbaea6338cad15ce23a67f9b0672929744381e28b0592676824/charset_normalizer-3.4.4-cp314-cp314-musllinux_1_2_armv7l.whl", hash = "sha256:47cc91b2f4dd2833fddaedd2893006b0106129d4b94fdb6af1f4ce5a9965577c", size = 143680, upload-time = "2025-10-14T04:41:43.661Z" },
    { url = "https://files.pythonhosted.org/packages/7d/a5/bf6f13b772fbb2a90360eb620d52ed8f796f3c5caee8398c3b2eb7b1c60d/charset_normalizer-3.4.4-cp314-cp314-musllinux_1_2_ppc64le.whl", hash = "sha256:82004af6c302b5d3ab2cfc4cc5f29db16123b1a8417f2e25f9066f91d4411090", size = 162045, upload-time = "2025-10-14T04:41:44.821Z" },
    { url = "https://files.pythonhosted.org/packages/df/c5/d1be898bf0dc3ef9030c3825e5d3b83f2c528d207d246cbabe245966808d/charset_normalizer-3.4.4-cp314-cp314-musllinux_1_2_riscv64.whl", hash = "sha256:2b7d8f6c26245217bd2ad053761201e9f9680f8ce52f0fcd8d0755aeae5b2152", size = 149687, upload-time = "2025-10-14T04:41:46.442Z" },
    { url = "https://files.pythonhosted.org/packages/a5/42/90c1f7b9341eef50c8a1cb3f098ac43b0508413f33affd762855f67a410e/charset_normalizer-3.4.4-cp314-cp314-musllinux_1_2_s390x.whl", hash = "sha256:799a7a5e4fb2d5898c60b640fd4981d6a25f1c11790935a44ce38c54e985f828", size = 160014, upload-time = "2025-10-14T04:41:47.631Z" },
    { url = "https://files.pythonhosted.org/packages/76/be/4d3ee471e8145d12795ab655ece37baed0929462a86e72372fd25859047c/charset_normalizer-3.4.4-cp314-cp314-musllinux_1_2_x86_64.whl", hash = "sha256:99ae2cffebb06e6c22bdc25801d7b30f503cc87dbd283479e7b606f70aff57ec", size = 154044, upload-time = "2025-10-14T04:41:48.81Z" },
    { url = "https://files.pythonhosted.org/packages/b0/6f/8f7af07237c34a1defe7defc565a9bc1807762f672c0fde711a4b22bf9c0/charset_normalizer-3.4.4-cp314-cp314-win32.whl", hash = "sha256:f9d332f8c2a2fcbffe1378594431458ddbef721c1769d78e2cbc06280d8155f9", size = 99940, upload-time = "2025-10-14T04:41:49.946Z" },
    { url = "https://files.pythonhosted.org/packages/4b/51/8ade005e5ca5b0d80fb4aff72a3775b325bdc3d27408c8113811a7cbe640/charset_normalizer-3.4.4-cp314-cp314-win_amd64.whl", hash = "sha256:8a6562c3700cce886c5be75ade4a5db4214fda19fede41d9792d100288d8f94c", size = 107104, upload-time = "2025-10-14T04:41:51.051Z" },
    { url = "https://files.pythonhosted.org/packages/da/5f/6b8f83a55bb8278772c5ae54a577f3099025f9ade59d0136ac24a0df4bde/charset_normalizer-3.4.4-cp314-cp314-win_arm64.whl", hash = "sha256:de00632ca48df9daf77a2c65a484531649261ec9f25489917f09e455cb09ddb2", size = 100743, upload-time = "2025-10-14T04:41:52.122Z" },
    { url = "https://files.pythonhosted.org/packages/0a/4c/925909008ed5a988ccbb72dcc897407e5d6d3bd72410d69e051fc0c14647/charset_normalizer-3.4.4-py3-none-any.whl", hash = "sha256:7a32c560861a02ff789ad905a2fe94e3f840803362c84fecf1851cb4cf3dc37f", size = 53402, upload-time = "2025-10-14T04:42:31.76Z" },
]

[[package]]
name = "dnspython"
version = "2.8.0"
source = { registry = "https://pypi.org/simple" }
sdist = { url = "https://files.pythonhosted.org/packages/8c/8b/57666417c0f90f08bcafa776861060426765fdb422eb10212086fb811d26/dnspython-2.8.0.tar.gz", hash = "sha256:181d3c6996452cb1189c4046c61599b84a5a86e099562ffde77d26984ff26d0f", size = 368251, upload-time = "2025-09-07T18:58:00.022Z" }
wheels = [
    { url = "https://files.pythonhosted.org/packages/ba/5a/18ad964b0086c6e62e2e7500f7edc89e3faa45033c71c1893d34eed2b2de/dnspython-2.8.0-py3-none-any.whl", hash = "sha256:01d9bbc4a2d76bf0db7c1f729812ded6d912bd318d3b1cf81d30c0f845dbf3af", size = 331094, upload-time = "2025-09-07T18:57:58.071Z" },
]

[[package]]
name = "google-api-core"
version = "2.28.1"
source = { registry = "https://pypi.org/simple" }
dependencies = [
    { name = "google-auth" },
    { name = "googleapis-common-protos" },
    { name = "proto-plus" },
    { name = "protobuf" },
    { name = "requests" },
]
sdist = { url = "https://files.pythonhosted.org/packages/61/da/83d7043169ac2c8c7469f0e375610d78ae2160134bf1b80634c482fa079c/google_api_core-2.28.1.tar.gz", hash = "sha256:2b405df02d68e68ce0fbc138559e6036559e685159d148ae5861013dc201baf8", size = 176759, upload-time = "2025-10-28T21:34:51.529Z" }
wheels = [
    { url = "https://files.pythonhosted.org/packages/ed/d4/90197b416cb61cefd316964fd9e7bd8324bcbafabf40eef14a9f20b81974/google_api_core-2.28.1-py3-none-any.whl", hash = "sha256:4021b0f8ceb77a6fb4de6fde4502cecab45062e66ff4f2895169e0b35bc9466c", size = 173706, upload-time = "2025-10-28T21:34:50.151Z" },
]

[[package]]
name = "google-api-python-client"
version = "2.188.0"
source = { registry = "https://pypi.org/simple" }
dependencies = [
    { name = "google-api-core" },
    { name = "google-auth" },
    { name = "google-auth-httplib2" },
    { name = "httplib2" },
    { name = "uritemplate" },
]
sdist = { url = "https://files.pythonhosted.org/packages/a8/d7/14613c7efbab5b428b400961f5dbac46ad9e019c44e1f3fd14d67c33111c/google_api_python_client-2.188.0.tar.gz", hash = "sha256:5c469db6614f071009e3e5bb8b6aeeccae3beb3647fa9c6cd97f0d551edde0b6", size = 14302906, upload-time = "2026-01-13T22:15:13.747Z" }
wheels = [
    { url = "https://files.pythonhosted.org/packages/33/67/a99a7d79d7a37a67cb8008f1d7dcedc46d29c6df5063aeb446112afd4aa4/google_api_python_client-2.188.0-py3-none-any.whl", hash = "sha256:3cad1b68f9d48b82b93d77927e8370a6f43f33d97848242601f14a93a1c70ef5", size = 14870005, upload-time = "2026-01-13T22:15:11.345Z" },
]

[[package]]
name = "google-auth"
version = "2.41.1"
source = { registry = "https://pypi.org/simple" }
dependencies = [
    { name = "cachetools" },
    { name = "pyasn1-modules" },
    { name = "rsa" },
]
sdist = { url = "https://files.pythonhosted.org/packages/a8/af/5129ce5b2f9688d2fa49b463e544972a7c82b0fdb50980dafee92e121d9f/google_auth-2.41.1.tar.gz", hash = "sha256:b76b7b1f9e61f0cb7e88870d14f6a94aeef248959ef6992670efee37709cbfd2", size = 292284, upload-time = "2025-09-30T22:51:26.363Z" }
wheels = [
    { url = "https://files.pythonhosted.org/packages/be/a4/7319a2a8add4cc352be9e3efeff5e2aacee917c85ca2fa1647e29089983c/google_auth-2.41.1-py2.py3-none-any.whl", hash = "sha256:754843be95575b9a19c604a848a41be03f7f2afd8c019f716dc1f51ee41c639d", size = 221302, upload-time = "2025-09-30T22:51:24.212Z" },
]

[[package]]
name = "google-auth-httplib2"
version = "0.3.0"
source = { registry = "https://pypi.org/simple" }
dependencies = [
    { name = "google-auth" },
    { name = "httplib2" },
]
sdist = { url = "https://files.pythonhosted.org/packages/d5/ad/c1f2b1175096a8d04cf202ad5ea6065f108d26be6fc7215876bde4a7981d/google_auth_httplib2-0.3.0.tar.gz", hash = "sha256:177898a0175252480d5ed916aeea183c2df87c1f9c26705d74ae6b951c268b0b", size = 11134, upload-time = "2025-12-15T22:13:51.825Z" }
wheels = [
    { url = "https://files.pythonhosted.org/packages/99/d5/3c97526c8796d3caf5f4b3bed2b05e8a7102326f00a334e7a438237f3b22/google_auth_httplib2-0.3.0-py3-none-any.whl", hash = "sha256:426167e5df066e3f5a0fc7ea18768c08e7296046594ce4c8c409c2457dd1f776", size = 9529, upload-time = "2025-12-15T22:13:51.048Z" },
]

[[package]]
name = "google-auth-oauthlib"
version = "1.2.4"
source = { registry = "https://pypi.org/simple" }
dependencies = [
    { name = "google-auth" },
    { name = "requests-oauthlib" },
]
sdist = { url = "https://files.pythonhosted.org/packages/90/dd/211f27c1e927e2292c2a71d5df1a2aaf261ce50ba7d50848c6ee24e20970/google_auth_oauthlib-1.2.4.tar.gz", hash = "sha256:3ca93859c6cc9003c8e12b2a0868915209d7953f05a70f4880ab57d57e56ee3e", size = 21185, upload-time = "2026-01-15T22:03:10.027Z" }
wheels = [
    { url = "https://files.pythonhosted.org/packages/84/21/fb96db432d187b07756e62971c4d89bdef70259e4cfa76ee32bcc0ac97d1/google_auth_oauthlib-1.2.4-py3-none-any.whl", hash = "sha256:0e922eea5f2baacaf8867febb782e46e7b153236c21592ed76ab3ddb77ffd772", size = 19193, upload-time = "2026-01-15T22:03:09.046Z" },
]

[[package]]
name = "googleapis-common-protos"
version = "1.72.0"
source = { registry = "https://pypi.org/simple" }
dependencies = [
    { name = "protobuf" },
]
sdist = { url = "https://files.pythonhosted.org/packages/e5/7b/adfd75544c415c487b33061fe7ae526165241c1ea133f9a9125a56b39fd8/googleapis_common_protos-1.72.0.tar.gz", hash = "sha256:e55a601c1b32b52d7a3e65f43563e2aa61bcd737998ee672ac9b951cd49319f5", size = 147433, upload-time = "2025-11-06T18:29:24.087Z" }
wheels = [
    { url = "https://files.pythonhosted.org/packages/c4/ab/09169d5a4612a5f92490806649ac8d41e3ec9129c636754575b3553f4ea4/googleapis_common_protos-1.72.0-py3-none-any.whl", hash = "sha256:4299c5a82d5ae1a9702ada957347726b167f9f8d1fc352477702a1e851ff4038", size = 297515, upload-time = "2025-11-06T18:29:13.14Z" },
]

[[package]]
name = "gspread"
version = "6.2.1"
source = { registry = "https://pypi.org/simple" }
dependencies = [
    { name = "google-auth" },
    { name = "google-auth-oauthlib" },
]
sdist = { url = "https://files.pythonhosted.org/packages/91/83/42d1d813822ed016d77aabadc99b09de3b5bd68532fd6bae23fd62347c41/gspread-6.2.1.tar.gz", hash = "sha256:2c7c99f7c32ebea6ec0d36f2d5cbe8a2be5e8f2a48bde87ad1ea203eff32bd03", size = 82590, upload-time = "2025-05-14T15:56:25.254Z" }
wheels = [
    { url = "https://files.pythonhosted.org/packages/27/76/563fb20dedd0e12794d9a12cfe0198458cc0501fdc7b034eee2166d035d5/gspread-6.2.1-py3-none-any.whl", hash = "sha256:6d4ec9f1c23ae3c704a9219026dac01f2b328ac70b96f1495055d453c4c184db", size = 59977, upload-time = "2025-05-14T15:56:24.014Z" },
]

[[package]]
name = "httplib2"
version = "0.31.0"
source = { registry = "https://pypi.org/simple" }
dependencies = [
    { name = "pyparsing" },
]
sdist = { url = "https://files.pythonhosted.org/packages/52/77/6653db69c1f7ecfe5e3f9726fdadc981794656fcd7d98c4209fecfea9993/httplib2-0.31.0.tar.gz", hash = "sha256:ac7ab497c50975147d4f7b1ade44becc7df2f8954d42b38b3d69c515f531135c", size = 250759, upload-time = "2025-09-11T12:16:03.403Z" }
wheels = [
    { url = "https://files.pythonhosted.org/packages/8c/a2/0d269db0f6163be503775dc8b6a6fa15820cc9fdc866f6ba608d86b721f2/httplib2-0.31.0-py3-none-any.whl", hash = "sha256:b9cd78abea9b4e43a7714c6e0f8b6b8561a6fc1e95d5dbd367f5bf0ef35f5d24", size = 91148, upload-time = "2025-09-11T12:16:01.803Z" },
]

[[package]]
name = "idna"
version = "3.11"
source = { registry = "https://pypi.org/simple" }
sdist = { url = "https://files.pythonhosted.org/packages/6f/6d/0703ccc57f3a7233505399edb88de3cbd678da106337b9fcde432b65ed60/idna-3.11.tar.gz", hash = "sha256:795dafcc9c04ed0c1fb032c2aa73654d8e8c5023a7df64a53f39190ada629902", size = 194582, upload-time = "2025-10-12T14:55:20.501Z" }
wheels = [
    { url = "https://files.pythonhosted.org/packages/0e/61/66938bbb5fc52dbdf84594873d5b51fb1f7c7794e9c0f5bd885f30bc507b/idna-3.11-py3-none-any.whl", hash = "sha256:771a87f49d9defaf64091e6e6fe9c18d4833f140bd19464795bc32d966ca37ea", size = 71008, upload-time = "2025-10-12T14:55:18.883Z" },
]

[[package]]
name = "oauthlib"
version = "3.3.1"
source = { registry = "https://pypi.org/simple" }
sdist = { url = "https://files.pythonhosted.org/packages/0b/5f/19930f824ffeb0ad4372da4812c50edbd1434f678c90c2733e1188edfc63/oauthlib-3.3.1.tar.gz", hash = "sha256:0f0f8aa759826a193cf66c12ea1af1637f87b9b4622d46e866952bb022e538c9", size = 185918, upload-time = "2025-06-19T22:48:08.269Z" }
wheels = [
    { url = "https://files.pythonhosted.org/packages/be/9c/92789c596b8df838baa98fa71844d84283302f7604ed565dafe5a6b5041a/oauthlib-3.3.1-py3-none-any.whl", hash = "sha256:88119c938d2b8fb88561af5f6ee0eec8cc8d552b7bb1f712743136eb7523b7a1", size = 160065, upload-time = "2025-06-19T22:48:06.508Z" },
]

[[package]]
name = "proto-plus"
version = "1.27.0"
source = { registry = "https://pypi.org/simple" }
dependencies = [
    { name = "protobuf" },
]
sdist = { url = "https://files.pythonhosted.org/packages/01/89/9cbe2f4bba860e149108b683bc2efec21f14d5f7ed6e25562ad86acbc373/proto_plus-1.27.0.tar.gz", hash = "sha256:873af56dd0d7e91836aee871e5799e1c6f1bda86ac9a983e0bb9f0c266a568c4", size = 56158, upload-time = "2025-12-16T13:46:25.729Z" }
wheels = [
    { url = "https://files.pythonhosted.org/packages/cd/24/3b7a0818484df9c28172857af32c2397b6d8fcd99d9468bd4684f98ebf0a/proto_plus-1.27.0-py3-none-any.whl", hash = "sha256:1baa7f81cf0f8acb8bc1f6d085008ba4171eaf669629d1b6d1673b21ed1c0a82", size = 50205, upload-time = "2025-12-16T13:46:24.76Z" },
]

[[package]]
name = "protobuf"
version = "6.33.2"
source = { registry = "https://pypi.org/simple" }
sdist = { url = "https://files.pythonhosted.org/packages/34/44/e49ecff446afeec9d1a66d6bbf9adc21e3c7cea7803a920ca3773379d4f6/protobuf-6.33.2.tar.gz", hash = "sha256:56dc370c91fbb8ac85bc13582c9e373569668a290aa2e66a590c2a0d35ddb9e4", size = 444296, upload-time = "2025-12-06T00:17:53.311Z" }
wheels = [
    { url = "https://files.pythonhosted.org/packages/bc/91/1e3a34881a88697a7354ffd177e8746e97a722e5e8db101544b47e84afb1/protobuf-6.33.2-cp310-abi3-win32.whl", hash = "sha256:87eb388bd2d0f78febd8f4c8779c79247b26a5befad525008e49a6955787ff3d", size = 425603, upload-time = "2025-12-06T00:17:41.114Z" },
    { url = "https://files.pythonhosted.org/packages/64/20/4d50191997e917ae13ad0a235c8b42d8c1ab9c3e6fd455ca16d416944355/protobuf-6.33.2-cp310-abi3-win_amd64.whl", hash = "sha256:fc2a0e8b05b180e5fc0dd1559fe8ebdae21a27e81ac77728fb6c42b12c7419b4", size = 436930, upload-time = "2025-12-06T00:17:43.278Z" },
    { url = "https://files.pythonhosted.org/packages/b2/ca/7e485da88ba45c920fb3f50ae78de29ab925d9e54ef0de678306abfbb497/protobuf-6.33.2-cp39-abi3-macosx_10_9_universal2.whl", hash = "sha256:d9b19771ca75935b3a4422957bc518b0cecb978b31d1dd12037b088f6bcc0e43", size = 427621, upload-time = "2025-12-06T00:17:44.445Z" },
    { url = "https://files.pythonhosted.org/packages/7d/4f/f743761e41d3b2b2566748eb76bbff2b43e14d5fcab694f494a16458b05f/protobuf-6.33.2-cp39-abi3-manylinux2014_aarch64.whl", hash = "sha256:b5d3b5625192214066d99b2b605f5783483575656784de223f00a8d00754fc0e", size = 324460, upload-time = "2025-12-06T00:17:45.678Z" },
    { url = "https://files.pythonhosted.org/packages/b1/fa/26468d00a92824020f6f2090d827078c09c9c587e34cbfd2d0c7911221f8/protobuf-6.33.2-cp39-abi3-manylinux2014_s390x.whl", hash = "sha256:8cd7640aee0b7828b6d03ae518b5b4806fdfc1afe8de82f79c3454f8aef29872", size = 339168, upload-time = "2025-12-06T00:17:46.813Z" },
    { url = "https://files.pythonhosted.org/packages/56/13/333b8f421738f149d4fe5e49553bc2a2ab75235486259f689b4b91f96cec/protobuf-6.33.2-cp39-abi3-manylinux2014_x86_64.whl", hash = "sha256:1f8017c48c07ec5859106533b682260ba3d7c5567b1ca1f24297ce03384d1b4f", size = 323270, upload-time = "2025-12-06T00:17:48.253Z" },
    { url = "https://files.pythonhosted.org/packages/0e/15/4f02896cc3df04fc465010a4c6a0cd89810f54617a32a70ef531ed75d61c/protobuf-6.33.2-py3-none-any.whl", hash = "sha256:7636aad9bb01768870266de5dc009de2d1b936771b38a793f73cbbf279c91c5c", size = 170501, upload-time = "2025-12-06T00:17:52.211Z" },
]

[[package]]
name = "pyasn1"
version = "0.6.2"
source = { registry = "https://pypi.org/simple" }
sdist = { url = "https://files.pythonhosted.org/packages/fe/b6/6e630dff89739fcd427e3f72b3d905ce0acb85a45d4ec3e2678718a3487f/pyasn1-0.6.2.tar.gz", hash = "sha256:9b59a2b25ba7e4f8197db7686c09fb33e658b98339fadb826e9512629017833b", size = 146586, upload-time = "2026-01-16T18:04:18.534Z" }
wheels = [
    { url = "https://files.pythonhosted.org/packages/44/b5/a96872e5184f354da9c84ae119971a0a4c221fe9b27a4d94bd43f2596727/pyasn1-0.6.2-py3-none-any.whl", hash = "sha256:1eb26d860996a18e9b6ed05e7aae0e9fc21619fcee6af91cca9bad4fbea224bf", size = 83371, upload-time = "2026-01-16T18:04:17.174Z" },
]

[[package]]
name = "pyasn1-modules"
version = "0.4.2"
source = { registry = "https://pypi.org/simple" }
dependencies = [
    { name = "pyasn1" },
]
sdist = { url = "https://files.pythonhosted.org/packages/e9/e6/78ebbb10a8c8e4b61a59249394a4a594c1a7af95593dc933a349c8d00964/pyasn1_modules-0.4.2.tar.gz", hash = "sha256:677091de870a80aae844b1ca6134f54652fa2c8c5a52aa396440ac3106e941e6", size = 307892, upload-time = "2025-03-28T02:41:22.17Z" }
wheels = [
    { url = "https://files.pythonhosted.org/packages/47/8d/d529b5d697919ba8c11ad626e835d4039be708a35b0d22de83a269a6682c/pyasn1_modules-0.4.2-py3-none-any.whl", hash = "sha256:29253a9207ce32b64c3ac6600edc75368f98473906e8fd1043bd6b5b1de2c14a", size = 181259, upload-time = "2025-03-28T02:41:19.028Z" },
]

[[package]]
name = "pymongo"
version = "4.16.0"
source = { registry = "https://pypi.org/simple" }
dependencies = [
    { name = "dnspython" },
]
sdist = { url = "https://files.pythonhosted.org/packages/65/9c/a4895c4b785fc9865a84a56e14b5bd21ca75aadc3dab79c14187cdca189b/pymongo-4.16.0.tar.gz", hash = "sha256:8ba8405065f6e258a6f872fe62d797a28f383a12178c7153c01ed04e845c600c", size = 2495323, upload-time = "2026-01-07T18:05:48.107Z" }
wheels = [
    { url = "https://files.pythonhosted.org/packages/30/9e/4d343f8d0512002fce17915a89477b9f916bda1205729e042d8f23acf194/pymongo-4.16.0-cp314-cp314-macosx_10_15_x86_64.whl", hash = "sha256:8a254d49a9ffe9d7f888e3c677eed3729b14ce85abb08cd74732cead6ccc3c66", size = 1026634, upload-time = "2026-01-07T18:04:54.359Z" },
    { url = "https://files.pythonhosted.org/packages/c3/e3/341f88c5535df40c0450fda915f582757bb7d988cdfc92990a5e27c4c324/pymongo-4.16.0-cp314-cp314-macosx_11_0_arm64.whl", hash = "sha256:a1bf44e13cf2d44d2ea2e928a8140d5d667304abe1a61c4d55b4906f389fbe64", size = 1026252, upload-time = "2026-01-07T18:04:56.642Z" },
    { url = "https://files.pythonhosted.org/packages/af/64/9471b22eb98f0a2ca0b8e09393de048502111b2b5b14ab1bd9e39708aab5/pymongo-4.16.0-cp314-cp314-manylinux1_i686.manylinux_2_28_i686.manylinux_2_5_i686.whl", hash = "sha256:f1c5f1f818b669875d191323a48912d3fcd2e4906410e8297bb09ac50c4d5ccc", size = 2207399, upload-time = "2026-01-07T18:04:58.255Z" },
    { url = "https://files.pythonhosted.org/packages/87/ac/47c4d50b25a02f21764f140295a2efaa583ee7f17992a5e5fa542b3a690f/pymongo-4.16.0-cp314-cp314-manylinux2014_aarch64.manylinux_2_17_aarch64.manylinux_2_28_aarch64.whl", hash = "sha256:77cfd37a43a53b02b7bd930457c7994c924ad8bbe8dff91817904bcbf291b371", size = 2260595, upload-time = "2026-01-07T18:04:59.788Z" },
    { url = "https://files.pythonhosted.org/packages/ee/1b/0ce1ce9dd036417646b2fe6f63b58127acff3cf96eeb630c34ec9cd675ff/pymongo-4.16.0-cp314-cp314-manylinux2014_ppc64le.manylinux_2_17_ppc64le.manylinux_2_28_ppc64le.whl", hash = "sha256:36ef2fee50eee669587d742fb456e349634b4fcf8926208766078b089054b24b", size = 2366958, upload-time = "2026-01-07T18:05:01.942Z" },
    { url = "https://files.pythonhosted.org/packages/3e/3c/a5a17c0d413aa9d6c17bc35c2b472e9e79cda8068ba8e93433b5f43028e9/pymongo-4.16.0-cp314-cp314-manylinux2014_s390x.manylinux_2_17_s390x.manylinux_2_28_s390x.whl", hash = "sha256:55f8d5a6fe2fa0b823674db2293f92d74cd5f970bc0360f409a1fc21003862d3", size = 2346081, upload-time = "2026-01-07T18:05:03.576Z" },
    { url = "https://files.pythonhosted.org/packages/65/19/f815533d1a88fb8a3b6c6e895bb085ffdae68ccb1e6ed7102202a307f8e2/pymongo-4.16.0-cp314-cp314-manylinux2014_x86_64.manylinux_2_17_x86_64.manylinux_2_28_x86_64.whl", hash = "sha256:9caacac0dd105e2555521002e2d17afc08665187017b466b5753e84c016628e6", size = 2246053, upload-time = "2026-01-07T18:05:05.459Z" },
    { url = "https://files.pythonhosted.org/packages/c6/88/4be3ec78828dc64b212c123114bd6ae8db5b7676085a7b43cc75d0131bd2/pymongo-4.16.0-cp314-cp314-win32.whl", hash = "sha256:c789236366525c3ee3cd6e4e450a9ff629a7d1f4d88b8e18a0aea0615fd7ecf8", size = 989461, upload-time = "2026-01-07T18:05:07.018Z" },
    { url = "https://files.pythonhosted.org/packages/af/5a/ab8d5af76421b34db483c9c8ebc3a2199fb80ae63dc7e18f4cf1df46306a/pymongo-4.16.0-cp314-cp314-win_amd64.whl", hash = "sha256:2b0714d7764efb29bf9d3c51c964aed7c4c7237b341f9346f15ceaf8321fdb35", size = 1017803, upload-time = "2026-01-07T18:05:08.499Z" },
    { url = "https://files.pythonhosted.org/packages/f6/f4/98d68020728ac6423cf02d17cfd8226bf6cce5690b163d30d3f705e8297e/pymongo-4.16.0-cp314-cp314-win_arm64.whl", hash = "sha256:12762e7cc0f8374a8cae3b9f9ed8dabb5d438c7b33329232dd9b7de783454033", size = 997184, upload-time = "2026-01-07T18:05:09.944Z" },
    { url = "https://files.pythonhosted.org/packages/50/00/dc3a271daf06401825b9c1f4f76f018182c7738281ea54b9762aea0560c1/pymongo-4.16.0-cp314-cp314t-macosx_10_15_x86_64.whl", hash = "sha256:1c01e8a7cd0ea66baf64a118005535ab5bf9f9eb63a1b50ac3935dccf9a54abe", size = 1083303, upload-time = "2026-01-07T18:05:11.702Z" },
    { url = "https://files.pythonhosted.org/packages/b8/4b/b5375ee21d12eababe46215011ebc63801c0d2c5ffdf203849d0d79f9852/pymongo-4.16.0-cp314-cp314t-macosx_11_0_arm64.whl", hash = "sha256:4c4872299ebe315a79f7f922051061634a64fda95b6b17677ba57ef00b2ba2a4", size = 1083233, upload-time = "2026-01-07T18:05:13.182Z" },
    { url = "https://files.pythonhosted.org/packages/ee/e3/52efa3ca900622c7dcb56c5e70f15c906816d98905c22d2ee1f84d9a7b60/pymongo-4.16.0-cp314-cp314t-manylinux1_i686.manylinux_2_28_i686.manylinux_2_5_i686.whl", hash = "sha256:78037d02389745e247fe5ab0bcad5d1ab30726eaac3ad79219c7d6bbb07eec53", size = 2527438, upload-time = "2026-01-07T18:05:14.981Z" },
    { url = "https://files.pythonhosted.org/packages/cb/96/43b1be151c734e7766c725444bcbfa1de6b60cc66bfb406203746839dd25/pymongo-4.16.0-cp314-cp314t-manylinux2014_aarch64.manylinux_2_17_aarch64.manylinux_2_28_aarch64.whl", hash = "sha256:c126fb72be2518395cc0465d4bae03125119136462e1945aea19840e45d89cfc", size = 2600399, upload-time = "2026-01-07T18:05:16.794Z" },
    { url = "https://files.pythonhosted.org/packages/e7/62/fa64a5045dfe3a1cd9217232c848256e7bc0136cffb7da4735c5e0d30e40/pymongo-4.16.0-cp314-cp314t-manylinux2014_ppc64le.manylinux_2_17_ppc64le.manylinux_2_28_ppc64le.whl", hash = "sha256:f3867dc225d9423c245a51eaac2cfcd53dde8e0a8d8090bb6aed6e31bd6c2d4f", size = 2720960, upload-time = "2026-01-07T18:05:18.498Z" },
    { url = "https://files.pythonhosted.org/packages/54/7b/01577eb97e605502821273a5bc16ce0fb0be5c978fe03acdbff471471202/pymongo-4.16.0-cp314-cp314t-manylinux2014_s390x.manylinux_2_17_s390x.manylinux_2_28_s390x.whl", hash = "sha256:f25001a955073b80510c0c3db0e043dbbc36904fd69e511c74e3d8640b8a5111", size = 2699344, upload-time = "2026-01-07T18:05:20.073Z" },
    { url = "https://files.pythonhosted.org/packages/55/68/6ef6372d516f703479c3b6cbbc45a5afd307173b1cbaccd724e23919bb1a/pymongo-4.16.0-cp314-cp314t-manylinux2014_x86_64.manylinux_2_17_x86_64.manylinux_2_28_x86_64.whl", hash = "sha256:9d9885aad05f82fd7ea0c9ca505d60939746b39263fa273d0125170da8f59098", size = 2577133, upload-time = "2026-01-07T18:05:22.052Z" },
    { url = "https://files.pythonhosted.org/packages/15/c7/b5337093bb01da852f945802328665f85f8109dbe91d81ea2afe5ff059b9/pymongo-4.16.0-cp314-cp314t-win32.whl", hash = "sha256:948152b30eddeae8355495f9943a3bf66b708295c0b9b6f467de1c620f215487", size = 1040560, upload-time = "2026-01-07T18:05:23.888Z" },
    { url = "https://files.pythonhosted.org/packages/96/8c/5b448cd1b103f3889d5713dda37304c81020ff88e38a826e8a75ddff4610/pymongo-4.16.0-cp314-cp314t-win_amd64.whl", hash = "sha256:f6e42c1bc985d9beee884780ae6048790eb4cd565c46251932906bdb1630034a", size = 1075081, upload-time = "2026-01-07T18:05:26.874Z" },
    { url = "https://files.pythonhosted.org/packages/32/cd/ddc794cdc8500f6f28c119c624252fb6dfb19481c6d7ed150f13cf468a6d/pymongo-4.16.0-cp314-cp314t-win_arm64.whl", hash = "sha256:6b2a20edb5452ac8daa395890eeb076c570790dfce6b7a44d788af74c2f8cf96", size = 1047725, upload-time = "2026-01-07T18:05:28.47Z" },
]

[[package]]
name = "pyparsing"
version = "3.3.1"
source = { registry = "https://pypi.org/simple" }
sdist = { url = "https://files.pythonhosted.org/packages/33/c1/1d9de9aeaa1b89b0186e5fe23294ff6517fce1bc69149185577cd31016b2/pyparsing-3.3.1.tar.gz", hash = "sha256:47fad0f17ac1e2cad3de3b458570fbc9b03560aa029ed5e16ee5554da9a2251c", size = 1550512, upload-time = "2025-12-23T03:14:04.391Z" }
wheels = [
    { url = "https://files.pythonhosted.org/packages/8b/40/2614036cdd416452f5bf98ec037f38a1afb17f327cb8e6b652d4729e0af8/pyparsing-3.3.1-py3-none-any.whl", hash = "sha256:023b5e7e5520ad96642e2c6db4cb683d3970bd640cdf7115049a6e9c3682df82", size = 121793, upload-time = "2025-12-23T03:14:02.103Z" },
]

[[package]]
name = "python-dotenv"
version = "1.2.1"
source = { registry = "https://pypi.org/simple" }
sdist = { url = "https://files.pythonhosted.org/packages/f0/26/19cadc79a718c5edbec86fd4919a6b6d3f681039a2f6d66d14be94e75fb9/python_dotenv-1.2.1.tar.gz", hash = "sha256:42667e897e16ab0d66954af0e60a9caa94f0fd4ecf3aaf6d2d260eec1aa36ad6", size = 44221, upload-time = "2025-10-26T15:12:10.434Z" }
wheels = [
    { url = "https://files.pythonhosted.org/packages/14/1b/a298b06749107c305e1fe0f814c6c74aea7b2f1e10989cb30f544a1b3253/python_dotenv-1.2.1-py3-none-any.whl", hash = "sha256:b81ee9561e9ca4004139c6cbba3a238c32b03e4894671e181b671e8cb8425d61", size = 21230, upload-time = "2025-10-26T15:12:09.109Z" },
]

[[package]]
name = "requests"
version = "2.32.5"
source = { registry = "https://pypi.org/simple" }
dependencies = [
    { name = "certifi" },
    { name = "charset-normalizer" },
    { name = "idna" },
    { name = "urllib3" },
]
sdist = { url = "https://files.pythonhosted.org/packages/c9/74/b3ff8e6c8446842c3f5c837e9c3dfcfe2018ea6ecef224c710c85ef728f4/requests-2.32.5.tar.gz", hash = "sha256:dbba0bac56e100853db0ea71b82b4dfd5fe2bf6d3754a8893c3af500cec7d7cf", size = 134517, upload-time = "2025-08-18T20:46:02.573Z" }
wheels = [
    { url = "https://files.pythonhosted.org/packages/1e/db/4254e3eabe8020b458f1a747140d32277ec7a271daf1d235b70dc0b4e6e3/requests-2.32.5-py3-none-any.whl", hash = "sha256:2462f94637a34fd532264295e186976db0f5d453d1cdd31473c85a6a161affb6", size = 64738, upload-time = "2025-08-18T20:46:00.542Z" },
]

[[package]]
name = "requests-oauthlib"
version = "2.0.0"
source = { registry = "https://pypi.org/simple" }
dependencies = [
    { name = "oauthlib" },
    { name = "requests" },
]
sdist = { url = "https://files.pythonhosted.org/packages/42/f2/05f29bc3913aea15eb670be136045bf5c5bbf4b99ecb839da9b422bb2c85/requests-oauthlib-2.0.0.tar.gz", hash = "sha256:b3dffaebd884d8cd778494369603a9e7b58d29111bf6b41bdc2dcd87203af4e9", size = 55650, upload-time = "2024-03-22T20:32:29.939Z" }
wheels = [
    { url = "https://files.pythonhosted.org/packages/3b/5d/63d4ae3b9daea098d5d6f5da83984853c1bbacd5dc826764b249fe119d24/requests_oauthlib-2.0.0-py2.py3-none-any.whl", hash = "sha256:7dd8a5c40426b779b0868c404bdef9768deccf22749cde15852df527e6269b36", size = 24179, upload-time = "2024-03-22T20:32:28.055Z" },
]

[[package]]
name = "rsa"
version = "4.9.1"
source = { registry = "https://pypi.org/simple" }
dependencies = [
    { name = "pyasn1" },
]
sdist = { url = "https://files.pythonhosted.org/packages/da/8a/22b7beea3ee0d44b1916c0c1cb0ee3af23b700b6da9f04991899d0c555d4/rsa-4.9.1.tar.gz", hash = "sha256:e7bdbfdb5497da4c07dfd35530e1a902659db6ff241e39d9953cad06ebd0ae75", size = 29034, upload-time = "2025-04-16T09:51:18.218Z" }
wheels = [
    { url = "https://files.pythonhosted.org/packages/64/8d/0133e4eb4beed9e425d9a98ed6e081a55d195481b7632472be1af08d2f6b/rsa-4.9.1-py3-none-any.whl", hash = "sha256:68635866661c6836b8d39430f97a996acbd61bfa49406748ea243539fe239762", size = 34696, upload-time = "2025-04-16T09:51:17.142Z" },
]

[[package]]
name = "sentry-sdk"
version = "2.51.0"
source = { registry = "https://pypi.org/simple" }
dependencies = [
    { name = "certifi" },
    { name = "urllib3" },
]
sdist = { url = "https://files.pythonhosted.org/packages/6f/9f/094bbb6be5cf218ab6712c6528310687f3d3fe8818249fcfe1d74192f7c5/sentry_sdk-2.51.0.tar.gz", hash = "sha256:b89d64577075fd8c13088bc3609a2ce77a154e5beb8cba7cc16560b0539df4f7", size = 407447, upload-time = "2026-01-28T10:29:50.962Z" }
wheels = [
    { url = "https://files.pythonhosted.org/packages/a0/da/df379404d484ca9dede4ad8abead5de828cdcff35623cd44f0351cf6869c/sentry_sdk-2.51.0-py2.py3-none-any.whl", hash = "sha256:e21016d318a097c2b617bb980afd9fc737e1efc55f9b4f0cdc819982c9717d5f", size = 431426, upload-time = "2026-01-28T10:29:48.868Z" },
]

[[package]]
name = "uritemplate"
version = "4.2.0"
source = { registry = "https://pypi.org/simple" }
sdist = { url = "https://files.pythonhosted.org/packages/98/60/f174043244c5306c9988380d2cb10009f91563fc4b31293d27e17201af56/uritemplate-4.2.0.tar.gz", hash = "sha256:480c2ed180878955863323eea31b0ede668795de182617fef9c6ca09e6ec9d0e", size = 33267, upload-time = "2025-06-02T15:12:06.318Z" }
wheels = [
    { url = "https://files.pythonhosted.org/packages/a9/99/3ae339466c9183ea5b8ae87b34c0b897eda475d2aec2307cae60e5cd4f29/uritemplate-4.2.0-py3-none-any.whl", hash = "sha256:962201ba1c4edcab02e60f9a0d3821e82dfc5d2d6662a21abd533879bdb8a686", size = 11488, upload-time = "2025-06-02T15:12:03.405Z" },
]

[[package]]
name = "urllib3"
version = "2.6.3"
source = { registry = "https://pypi.org/simple" }
sdist = { url = "https://files.pythonhosted.org/packages/c7/24/5f1b3bdffd70275f6661c76461e25f024d5a38a46f04aaca912426a2b1d3/urllib3-2.6.3.tar.gz", hash = "sha256:1b62b6884944a57dbe321509ab94fd4d3b307075e0c2eae991ac71ee15ad38ed", size = 435556, upload-time = "2026-01-07T16:24:43.925Z" }
wheels = [
    { url = "https://files.pythonhosted.org/packages/39/08/aaaad47bc4e9dc8c725e68f9d04865dbcb2052843ff09c97b08904852d84/urllib3-2.6.3-py3-none-any.whl", hash = "sha256:bf272323e553dfb2e87d9bfd225ca7b0f467b919d7bbd355436d3fd37cb0acd4", size = 131584, upload-time = "2026-01-07T16:24:42.685Z" },
]
