version = 1
revision = 2
requires-python = ">=3.13, <4"

[[package]]
name = "backtest-compilation"
version = "1.0.0"
source = { virtual = "." }
dependencies = [
    { name = "google-api-python-client" },
    { name = "google-auth-httplib2" },
    { name = "google-auth-oauthlib" },
    { name = "gspread" },
    { name = "motor" },
    { name = "python-dotenv" },
    { name = "sentry-sdk" },
]

[package.metadata]
requires-dist = [
    { name = "google-api-python-client", specifier = ">=2.159.0" },
    { name = "google-auth-httplib2", specifier = ">=0.2.0" },
    { name = "google-auth-oauthlib", specifier = ">=1.2.1" },
    { name = "gspread", specifier = ">=6.1.4" },
    { name = "motor", specifier = ">=3.6.1" },
    { name = "python-dotenv", specifier = ">=1.0.1" },
    { name = "sentry-sdk", specifier = ">=2.20.0" },
]

[[package]]
name = "cachetools"
version = "5.5.2"
source = { registry = "https://pypi.org/simple" }
sdist = { url = "https://files.pythonhosted.org/packages/6c/81/3747dad6b14fa2cf53fcf10548cf5aea6913e96fab41a3c198676f8948a5/cachetools-5.5.2.tar.gz", hash = "sha256:1a661caa9175d26759571b2e19580f9d6393969e5dfca11fdb1f947a23e640d4", size = 28380, upload-time = "2025-02-20T21:01:19.524Z" }
wheels = [
    { url = "https://files.pythonhosted.org/packages/72/76/20fa66124dbe6be5cafeb312ece67de6b61dd91a0247d1ea13db4ebb33c2/cachetools-5.5.2-py3-none-any.whl", hash = "sha256:d26a22bcc62eb95c3beabd9f1ee5e820d3d2704fe2967cbe350e20c8ffcd3f0a", size = 10080, upload-time = "2025-02-20T21:01:16.647Z" },
]

[[package]]
name = "certifi"
version = "2025.4.26"
source = { registry = "https://pypi.org/simple" }
sdist = { url = "https://files.pythonhosted.org/packages/e8/9e/c05b3920a3b7d20d3d3310465f50348e5b3694f4f88c6daf736eef3024c4/certifi-2025.4.26.tar.gz", hash = "sha256:0a816057ea3cdefcef70270d2c515e4506bbc954f417fa5ade2021213bb8f0c6", size = 160705, upload-time = "2025-04-26T02:12:29.51Z" }
wheels = [
    { url = "https://files.pythonhosted.org/packages/4a/7e/3db2bd1b1f9e95f7cddca6d6e75e2f2bd9f51b1246e546d88addca0106bd/certifi-2025.4.26-py3-none-any.whl", hash = "sha256:30350364dfe371162649852c63336a15c70c6510c2ad5015b21c2345311805f3", size = 159618, upload-time = "2025-04-26T02:12:27.662Z" },
]

[[package]]
name = "charset-normalizer"
version = "3.4.1"
source = { registry = "https://pypi.org/simple" }
sdist = { url = "https://files.pythonhosted.org/packages/16/b0/572805e227f01586461c80e0fd25d65a2115599cc9dad142fee4b747c357/charset_normalizer-3.4.1.tar.gz", hash = "sha256:44251f18cd68a75b56585dd00dae26183e102cd5e0f9f1466e6df5da2ed64ea3", size = 123188, upload-time = "2024-12-24T18:12:35.43Z" }
wheels = [
    { url = "https://files.pythonhosted.org/packages/38/94/ce8e6f63d18049672c76d07d119304e1e2d7c6098f0841b51c666e9f44a0/charset_normalizer-3.4.1-cp313-cp313-macosx_10_13_universal2.whl", hash = "sha256:aabfa34badd18f1da5ec1bc2715cadc8dca465868a4e73a0173466b688f29dda", size = 195698, upload-time = "2024-12-24T18:11:05.834Z" },
    { url = "https://files.pythonhosted.org/packages/24/2e/dfdd9770664aae179a96561cc6952ff08f9a8cd09a908f259a9dfa063568/charset_normalizer-3.4.1-cp313-cp313-manylinux_2_17_aarch64.manylinux2014_aarch64.whl", hash = "sha256:22e14b5d70560b8dd51ec22863f370d1e595ac3d024cb8ad7d308b4cd95f8313", size = 140162, upload-time = "2024-12-24T18:11:07.064Z" },
    { url = "https://files.pythonhosted.org/packages/24/4e/f646b9093cff8fc86f2d60af2de4dc17c759de9d554f130b140ea4738ca6/charset_normalizer-3.4.1-cp313-cp313-manylinux_2_17_ppc64le.manylinux2014_ppc64le.whl", hash = "sha256:8436c508b408b82d87dc5f62496973a1805cd46727c34440b0d29d8a2f50a6c9", size = 150263, upload-time = "2024-12-24T18:11:08.374Z" },
    { url = "https://files.pythonhosted.org/packages/5e/67/2937f8d548c3ef6e2f9aab0f6e21001056f692d43282b165e7c56023e6dd/charset_normalizer-3.4.1-cp313-cp313-manylinux_2_17_s390x.manylinux2014_s390x.whl", hash = "sha256:2d074908e1aecee37a7635990b2c6d504cd4766c7bc9fc86d63f9c09af3fa11b", size = 142966, upload-time = "2024-12-24T18:11:09.831Z" },
    { url = "https://files.pythonhosted.org/packages/52/ed/b7f4f07de100bdb95c1756d3a4d17b90c1a3c53715c1a476f8738058e0fa/charset_normalizer-3.4.1-cp313-cp313-manylinux_2_17_x86_64.manylinux2014_x86_64.whl", hash = "sha256:955f8851919303c92343d2f66165294848d57e9bba6cf6e3625485a70a038d11", size = 144992, upload-time = "2024-12-24T18:11:12.03Z" },
    { url = "https://files.pythonhosted.org/packages/96/2c/d49710a6dbcd3776265f4c923bb73ebe83933dfbaa841c5da850fe0fd20b/charset_normalizer-3.4.1-cp313-cp313-manylinux_2_5_i686.manylinux1_i686.manylinux_2_17_i686.manylinux2014_i686.whl", hash = "sha256:44ecbf16649486d4aebafeaa7ec4c9fed8b88101f4dd612dcaf65d5e815f837f", size = 147162, upload-time = "2024-12-24T18:11:13.372Z" },
    { url = "https://files.pythonhosted.org/packages/b4/41/35ff1f9a6bd380303dea55e44c4933b4cc3c4850988927d4082ada230273/charset_normalizer-3.4.1-cp313-cp313-musllinux_1_2_aarch64.whl", hash = "sha256:0924e81d3d5e70f8126529951dac65c1010cdf117bb75eb02dd12339b57749dd", size = 140972, upload-time = "2024-12-24T18:11:14.628Z" },
    { url = "https://files.pythonhosted.org/packages/fb/43/c6a0b685fe6910d08ba971f62cd9c3e862a85770395ba5d9cad4fede33ab/charset_normalizer-3.4.1-cp313-cp313-musllinux_1_2_i686.whl", hash = "sha256:2967f74ad52c3b98de4c3b32e1a44e32975e008a9cd2a8cc8966d6a5218c5cb2", size = 149095, upload-time = "2024-12-24T18:11:17.672Z" },
    { url = "https://files.pythonhosted.org/packages/4c/ff/a9a504662452e2d2878512115638966e75633519ec11f25fca3d2049a94a/charset_normalizer-3.4.1-cp313-cp313-musllinux_1_2_ppc64le.whl", hash = "sha256:c75cb2a3e389853835e84a2d8fb2b81a10645b503eca9bcb98df6b5a43eb8886", size = 152668, upload-time = "2024-12-24T18:11:18.989Z" },
    { url = "https://files.pythonhosted.org/packages/6c/71/189996b6d9a4b932564701628af5cee6716733e9165af1d5e1b285c530ed/charset_normalizer-3.4.1-cp313-cp313-musllinux_1_2_s390x.whl", hash = "sha256:09b26ae6b1abf0d27570633b2b078a2a20419c99d66fb2823173d73f188ce601", size = 150073, upload-time = "2024-12-24T18:11:21.507Z" },
    { url = "https://files.pythonhosted.org/packages/e4/93/946a86ce20790e11312c87c75ba68d5f6ad2208cfb52b2d6a2c32840d922/charset_normalizer-3.4.1-cp313-cp313-musllinux_1_2_x86_64.whl", hash = "sha256:fa88b843d6e211393a37219e6a1c1df99d35e8fd90446f1118f4216e307e48cd", size = 145732, upload-time = "2024-12-24T18:11:22.774Z" },
    { url = "https://files.pythonhosted.org/packages/cd/e5/131d2fb1b0dddafc37be4f3a2fa79aa4c037368be9423061dccadfd90091/charset_normalizer-3.4.1-cp313-cp313-win32.whl", hash = "sha256:eb8178fe3dba6450a3e024e95ac49ed3400e506fd4e9e5c32d30adda88cbd407", size = 95391, upload-time = "2024-12-24T18:11:24.139Z" },
    { url = "https://files.pythonhosted.org/packages/27/f2/4f9a69cc7712b9b5ad8fdb87039fd89abba997ad5cbe690d1835d40405b0/charset_normalizer-3.4.1-cp313-cp313-win_amd64.whl", hash = "sha256:b1ac5992a838106edb89654e0aebfc24f5848ae2547d22c2c3f66454daa11971", size = 102702, upload-time = "2024-12-24T18:11:26.535Z" },
    { url = "https://files.pythonhosted.org/packages/0e/f6/65ecc6878a89bb1c23a086ea335ad4bf21a588990c3f535a227b9eea9108/charset_normalizer-3.4.1-py3-none-any.whl", hash = "sha256:d98b1668f06378c6dbefec3b92299716b931cd4e6061f3c875a71ced1780ab85", size = 49767, upload-time = "2024-12-24T18:12:32.852Z" },
]

[[package]]
name = "dnspython"
version = "2.7.0"
source = { registry = "https://pypi.org/simple" }
sdist = { url = "https://files.pythonhosted.org/packages/b5/4a/263763cb2ba3816dd94b08ad3a33d5fdae34ecb856678773cc40a3605829/dnspython-2.7.0.tar.gz", hash = "sha256:ce9c432eda0dc91cf618a5cedf1a4e142651196bbcd2c80e89ed5a907e5cfaf1", size = 345197, upload-time = "2024-10-05T20:14:59.362Z" }
wheels = [
    { url = "https://files.pythonhosted.org/packages/68/1b/e0a87d256e40e8c888847551b20a017a6b98139178505dc7ffb96f04e954/dnspython-2.7.0-py3-none-any.whl", hash = "sha256:b4c34b7d10b51bcc3a5071e7b8dee77939f1e878477eeecc965e9835f63c6c86", size = 313632, upload-time = "2024-10-05T20:14:57.687Z" },
]

[[package]]
name = "google-api-core"
version = "2.24.2"
source = { registry = "https://pypi.org/simple" }
dependencies = [
    { name = "google-auth" },
    { name = "googleapis-common-protos" },
    { name = "proto-plus" },
    { name = "protobuf" },
    { name = "requests" },
]
sdist = { url = "https://files.pythonhosted.org/packages/09/5c/085bcb872556934bb119e5e09de54daa07873f6866b8f0303c49e72287f7/google_api_core-2.24.2.tar.gz", hash = "sha256:81718493daf06d96d6bc76a91c23874dbf2fac0adbbf542831b805ee6e974696", size = 163516, upload-time = "2025-03-10T15:55:26.201Z" }
wheels = [
    { url = "https://files.pythonhosted.org/packages/46/95/f472d85adab6e538da2025dfca9e976a0d125cc0af2301f190e77b76e51c/google_api_core-2.24.2-py3-none-any.whl", hash = "sha256:810a63ac95f3c441b7c0e43d344e372887f62ce9071ba972eacf32672e072de9", size = 160061, upload-time = "2025-03-10T15:55:24.386Z" },
]

[[package]]
name = "google-api-python-client"
version = "2.170.0"
source = { registry = "https://pypi.org/simple" }
dependencies = [
    { name = "google-api-core" },
    { name = "google-auth" },
    { name = "google-auth-httplib2" },
    { name = "httplib2" },
    { name = "uritemplate" },
]
sdist = { url = "https://files.pythonhosted.org/packages/db/86/1bd09aea2664a46bc65713cb7876381ec8949a4b1e71be97dfc359c79781/google_api_python_client-2.170.0.tar.gz", hash = "sha256:75f3a1856f11418ea3723214e0abc59d9b217fd7ed43dcf743aab7f06ab9e2b1", size = 12971933, upload-time = "2025-05-22T20:39:52.802Z" }
wheels = [
    { url = "https://files.pythonhosted.org/packages/ca/ab/928fb4551ce9c791de96b0681924d46de9a5b50931394fd19850383a08a1/google_api_python_client-2.170.0-py3-none-any.whl", hash = "sha256:7bf518a0527ad23322f070fa69f4f24053170d5c766821dc970ff0571ec22748", size = 13490660, upload-time = "2025-05-22T20:39:49.834Z" },
]

[[package]]
name = "google-auth"
version = "2.39.0"
source = { registry = "https://pypi.org/simple" }
dependencies = [
    { name = "cachetools" },
    { name = "pyasn1-modules" },
    { name = "rsa" },
]
sdist = { url = "https://files.pythonhosted.org/packages/cb/8e/8f45c9a32f73e786e954b8f9761c61422955d23c45d1e8c347f9b4b59e8e/google_auth-2.39.0.tar.gz", hash = "sha256:73222d43cdc35a3aeacbfdcaf73142a97839f10de930550d89ebfe1d0a00cde7", size = 274834, upload-time = "2025-04-14T17:44:49.402Z" }
wheels = [
    { url = "https://files.pythonhosted.org/packages/ce/12/ad37a1ef86006d0a0117fc06a4a00bd461c775356b534b425f00dde208ea/google_auth-2.39.0-py2.py3-none-any.whl", hash = "sha256:0150b6711e97fb9f52fe599f55648950cc4540015565d8fbb31be2ad6e1548a2", size = 212319, upload-time = "2025-04-14T17:44:47.699Z" },
]

[[package]]
name = "google-auth-httplib2"
version = "0.2.0"
source = { registry = "https://pypi.org/simple" }
dependencies = [
    { name = "google-auth" },
    { name = "httplib2" },
]
sdist = { url = "https://files.pythonhosted.org/packages/56/be/217a598a818567b28e859ff087f347475c807a5649296fb5a817c58dacef/google-auth-httplib2-0.2.0.tar.gz", hash = "sha256:38aa7badf48f974f1eb9861794e9c0cb2a0511a4ec0679b1f886d108f5640e05", size = 10842, upload-time = "2023-12-12T17:40:30.722Z" }
wheels = [
    { url = "https://files.pythonhosted.org/packages/be/8a/fe34d2f3f9470a27b01c9e76226965863f153d5fbe276f83608562e49c04/google_auth_httplib2-0.2.0-py2.py3-none-any.whl", hash = "sha256:b65a0a2123300dd71281a7bf6e64d65a0759287df52729bdd1ae2e47dc311a3d", size = 9253, upload-time = "2023-12-12T17:40:13.055Z" },
]

[[package]]
name = "google-auth-oauthlib"
version = "1.2.2"
source = { registry = "https://pypi.org/simple" }
dependencies = [
    { name = "google-auth" },
    { name = "requests-oauthlib" },
]
sdist = { url = "https://files.pythonhosted.org/packages/fb/87/e10bf24f7bcffc1421b84d6f9c3377c30ec305d082cd737ddaa6d8f77f7c/google_auth_oauthlib-1.2.2.tar.gz", hash = "sha256:11046fb8d3348b296302dd939ace8af0a724042e8029c1b872d87fabc9f41684", size = 20955, upload-time = "2025-04-22T16:40:29.172Z" }
wheels = [
    { url = "https://files.pythonhosted.org/packages/ac/84/40ee070be95771acd2f4418981edb834979424565c3eec3cd88b6aa09d24/google_auth_oauthlib-1.2.2-py3-none-any.whl", hash = "sha256:fd619506f4b3908b5df17b65f39ca8d66ea56986e5472eb5978fd8f3786f00a2", size = 19072, upload-time = "2025-04-22T16:40:28.174Z" },
]

[[package]]
name = "googleapis-common-protos"
version = "1.70.0"
source = { registry = "https://pypi.org/simple" }
dependencies = [
    { name = "protobuf" },
]
sdist = { url = "https://files.pythonhosted.org/packages/39/24/33db22342cf4a2ea27c9955e6713140fedd51e8b141b5ce5260897020f1a/googleapis_common_protos-1.70.0.tar.gz", hash = "sha256:0e1b44e0ea153e6594f9f394fef15193a68aaaea2d843f83e2742717ca753257", size = 145903, upload-time = "2025-04-14T10:17:02.924Z" }
wheels = [
    { url = "https://files.pythonhosted.org/packages/86/f1/62a193f0227cf15a920390abe675f386dec35f7ae3ffe6da582d3ade42c7/googleapis_common_protos-1.70.0-py3-none-any.whl", hash = "sha256:b8bfcca8c25a2bb253e0e0b0adaf8c00773e5e6af6fd92397576680b807e0fd8", size = 294530, upload-time = "2025-04-14T10:17:01.271Z" },
]

[[package]]
name = "gspread"
version = "6.2.1"
source = { registry = "https://pypi.org/simple" }
dependencies = [
    { name = "google-auth" },
    { name = "google-auth-oauthlib" },
]
sdist = { url = "https://files.pythonhosted.org/packages/91/83/42d1d813822ed016d77aabadc99b09de3b5bd68532fd6bae23fd62347c41/gspread-6.2.1.tar.gz", hash = "sha256:2c7c99f7c32ebea6ec0d36f2d5cbe8a2be5e8f2a48bde87ad1ea203eff32bd03", size = 82590, upload-time = "2025-05-14T15:56:25.254Z" }
wheels = [
    { url = "https://files.pythonhosted.org/packages/27/76/563fb20dedd0e12794d9a12cfe0198458cc0501fdc7b034eee2166d035d5/gspread-6.2.1-py3-none-any.whl", hash = "sha256:6d4ec9f1c23ae3c704a9219026dac01f2b328ac70b96f1495055d453c4c184db", size = 59977, upload-time = "2025-05-14T15:56:24.014Z" },
]

[[package]]
name = "httplib2"
version = "0.22.0"
source = { registry = "https://pypi.org/simple" }
dependencies = [
    { name = "pyparsing" },
]
sdist = { url = "https://files.pythonhosted.org/packages/3d/ad/2371116b22d616c194aa25ec410c9c6c37f23599dcd590502b74db197584/httplib2-0.22.0.tar.gz", hash = "sha256:d7a10bc5ef5ab08322488bde8c726eeee5c8618723fdb399597ec58f3d82df81", size = 351116, upload-time = "2023-03-21T22:29:37.214Z" }
wheels = [
    { url = "https://files.pythonhosted.org/packages/a8/6c/d2fbdaaa5959339d53ba38e94c123e4e84b8fbc4b84beb0e70d7c1608486/httplib2-0.22.0-py3-none-any.whl", hash = "sha256:14ae0a53c1ba8f3d37e9e27cf37eabb0fb9980f435ba405d546948b009dd64dc", size = 96854, upload-time = "2023-03-21T22:29:35.683Z" },
]

[[package]]
name = "idna"
version = "3.10"
source = { registry = "https://pypi.org/simple" }
sdist = { url = "https://files.pythonhosted.org/packages/f1/70/7703c29685631f5a7590aa73f1f1d3fa9a380e654b86af429e0934a32f7d/idna-3.10.tar.gz", hash = "sha256:12f65c9b470abda6dc35cf8e63cc574b1c52b11df2c86030af0ac09b01b13ea9", size = 190490, upload-time = "2024-09-15T18:07:39.745Z" }
wheels = [
    { url = "https://files.pythonhosted.org/packages/76/c6/c88e154df9c4e1a2a66ccf0005a88dfb2650c1dffb6f5ce603dfbd452ce3/idna-3.10-py3-none-any.whl", hash = "sha256:946d195a0d259cbba61165e88e65941f16e9b36ea6ddb97f00452bae8b1287d3", size = 70442, upload-time = "2024-09-15T18:07:37.964Z" },
]

[[package]]
name = "motor"
version = "3.7.1"
source = { registry = "https://pypi.org/simple" }
dependencies = [
    { name = "pymongo" },
]
sdist = { url = "https://files.pythonhosted.org/packages/93/ae/96b88362d6a84cb372f7977750ac2a8aed7b2053eed260615df08d5c84f4/motor-3.7.1.tar.gz", hash = "sha256:27b4d46625c87928f331a6ca9d7c51c2f518ba0e270939d395bc1ddc89d64526", size = 280997, upload-time = "2025-05-14T18:56:33.653Z" }
wheels = [
    { url = "https://files.pythonhosted.org/packages/01/9a/35e053d4f442addf751ed20e0e922476508ee580786546d699b0567c4c67/motor-3.7.1-py3-none-any.whl", hash = "sha256:8a63b9049e38eeeb56b4fdd57c3312a6d1f25d01db717fe7d82222393c410298", size = 74996, upload-time = "2025-05-14T18:56:31.665Z" },
]

[[package]]
name = "oauthlib"
version = "3.2.2"
source = { registry = "https://pypi.org/simple" }
sdist = { url = "https://files.pythonhosted.org/packages/6d/fa/fbf4001037904031639e6bfbfc02badfc7e12f137a8afa254df6c4c8a670/oauthlib-3.2.2.tar.gz", hash = "sha256:9859c40929662bec5d64f34d01c99e093149682a3f38915dc0655d5a633dd918", size = 177352, upload-time = "2022-10-17T20:04:27.471Z" }
wheels = [
    { url = "https://files.pythonhosted.org/packages/7e/80/cab10959dc1faead58dc8384a781dfbf93cb4d33d50988f7a69f1b7c9bbe/oauthlib-3.2.2-py3-none-any.whl", hash = "sha256:8139f29aac13e25d502680e9e19963e83f16838d48a0d71c287fe40e7067fbca", size = 151688, upload-time = "2022-10-17T20:04:24.037Z" },
]

[[package]]
name = "proto-plus"
version = "1.26.1"
source = { registry = "https://pypi.org/simple" }
dependencies = [
    { name = "protobuf" },
]
sdist = { url = "https://files.pythonhosted.org/packages/f4/ac/87285f15f7cce6d4a008f33f1757fb5a13611ea8914eb58c3d0d26243468/proto_plus-1.26.1.tar.gz", hash = "sha256:21a515a4c4c0088a773899e23c7bbade3d18f9c66c73edd4c7ee3816bc96a012", size = 56142, upload-time = "2025-03-10T15:54:38.843Z" }
wheels = [
    { url = "https://files.pythonhosted.org/packages/4e/6d/280c4c2ce28b1593a19ad5239c8b826871fc6ec275c21afc8e1820108039/proto_plus-1.26.1-py3-none-any.whl", hash = "sha256:13285478c2dcf2abb829db158e1047e2f1e8d63a077d94263c2b88b043c75a66", size = 50163, upload-time = "2025-03-10T15:54:37.335Z" },
]

[[package]]
name = "protobuf"
version = "6.30.2"
source = { registry = "https://pypi.org/simple" }
sdist = { url = "https://files.pythonhosted.org/packages/c8/8c/cf2ac658216eebe49eaedf1e06bc06cbf6a143469236294a1171a51357c3/protobuf-6.30.2.tar.gz", hash = "sha256:35c859ae076d8c56054c25b59e5e59638d86545ed6e2b6efac6be0b6ea3ba048", size = 429315, upload-time = "2025-03-26T19:12:57.394Z" }
wheels = [
    { url = "https://files.pythonhosted.org/packages/be/85/cd53abe6a6cbf2e0029243d6ae5fb4335da2996f6c177bb2ce685068e43d/protobuf-6.30.2-cp310-abi3-win32.whl", hash = "sha256:b12ef7df7b9329886e66404bef5e9ce6a26b54069d7f7436a0853ccdeb91c103", size = 419148, upload-time = "2025-03-26T19:12:41.359Z" },
    { url = "https://files.pythonhosted.org/packages/97/e9/7b9f1b259d509aef2b833c29a1f3c39185e2bf21c9c1be1cd11c22cb2149/protobuf-6.30.2-cp310-abi3-win_amd64.whl", hash = "sha256:7653c99774f73fe6b9301b87da52af0e69783a2e371e8b599b3e9cb4da4b12b9", size = 431003, upload-time = "2025-03-26T19:12:44.156Z" },
    { url = "https://files.pythonhosted.org/packages/8e/66/7f3b121f59097c93267e7f497f10e52ced7161b38295137a12a266b6c149/protobuf-6.30.2-cp39-abi3-macosx_10_9_universal2.whl", hash = "sha256:0eb523c550a66a09a0c20f86dd554afbf4d32b02af34ae53d93268c1f73bc65b", size = 417579, upload-time = "2025-03-26T19:12:45.447Z" },
    { url = "https://files.pythonhosted.org/packages/d0/89/bbb1bff09600e662ad5b384420ad92de61cab2ed0f12ace1fd081fd4c295/protobuf-6.30.2-cp39-abi3-manylinux2014_aarch64.whl", hash = "sha256:50f32cc9fd9cb09c783ebc275611b4f19dfdfb68d1ee55d2f0c7fa040df96815", size = 317319, upload-time = "2025-03-26T19:12:46.999Z" },
    { url = "https://files.pythonhosted.org/packages/28/50/1925de813499546bc8ab3ae857e3ec84efe7d2f19b34529d0c7c3d02d11d/protobuf-6.30.2-cp39-abi3-manylinux2014_x86_64.whl", hash = "sha256:4f6c687ae8efae6cf6093389a596548214467778146b7245e886f35e1485315d", size = 316212, upload-time = "2025-03-26T19:12:48.458Z" },
    { url = "https://files.pythonhosted.org/packages/e5/a1/93c2acf4ade3c5b557d02d500b06798f4ed2c176fa03e3c34973ca92df7f/protobuf-6.30.2-py3-none-any.whl", hash = "sha256:ae86b030e69a98e08c77beab574cbcb9fff6d031d57209f574a5aea1445f4b51", size = 167062, upload-time = "2025-03-26T19:12:55.892Z" },
]

[[package]]
name = "pyasn1"
version = "0.6.1"
source = { registry = "https://pypi.org/simple" }
sdist = { url = "https://files.pythonhosted.org/packages/ba/e9/01f1a64245b89f039897cb0130016d79f77d52669aae6ee7b159a6c4c018/pyasn1-0.6.1.tar.gz", hash = "sha256:6f580d2bdd84365380830acf45550f2511469f673cb4a5ae3857a3170128b034", size = 145322, upload-time = "2024-09-10T22:41:42.55Z" }
wheels = [
    { url = "https://files.pythonhosted.org/packages/c8/f1/d6a797abb14f6283c0ddff96bbdd46937f64122b8c925cab503dd37f8214/pyasn1-0.6.1-py3-none-any.whl", hash = "sha256:0d632f46f2ba09143da3a8afe9e33fb6f92fa2320ab7e886e2d0f7672af84629", size = 83135, upload-time = "2024-09-11T16:00:36.122Z" },
]

[[package]]
name = "pyasn1-modules"
version = "0.4.2"
source = { registry = "https://pypi.org/simple" }
dependencies = [
    { name = "pyasn1" },
]
sdist = { url = "https://files.pythonhosted.org/packages/e9/e6/78ebbb10a8c8e4b61a59249394a4a594c1a7af95593dc933a349c8d00964/pyasn1_modules-0.4.2.tar.gz", hash = "sha256:677091de870a80aae844b1ca6134f54652fa2c8c5a52aa396440ac3106e941e6", size = 307892, upload-time = "2025-03-28T02:41:22.17Z" }
wheels = [
    { url = "https://files.pythonhosted.org/packages/47/8d/d529b5d697919ba8c11ad626e835d4039be708a35b0d22de83a269a6682c/pyasn1_modules-0.4.2-py3-none-any.whl", hash = "sha256:29253a9207ce32b64c3ac6600edc75368f98473906e8fd1043bd6b5b1de2c14a", size = 181259, upload-time = "2025-03-28T02:41:19.028Z" },
]

[[package]]
name = "pymongo"
version = "4.12.1"
source = { registry = "https://pypi.org/simple" }
dependencies = [
    { name = "dnspython" },
]
sdist = { url = "https://files.pythonhosted.org/packages/85/27/3634b2e8d88ad210ee6edac69259c698aefed4a79f0f7356cd625d5c423c/pymongo-4.12.1.tar.gz", hash = "sha256:8921bac7f98cccb593d76c4d8eaa1447e7d537ba9a2a202973e92372a05bd1eb", size = 2165515, upload-time = "2025-04-29T18:46:23.62Z" }
wheels = [
    { url = "https://files.pythonhosted.org/packages/0c/4d/e6654f3ec6819980cbad77795ccf2275cd65d6df41375a22cdbbccef8416/pymongo-4.12.1-cp313-cp313-macosx_10_13_x86_64.whl", hash = "sha256:90de2b060d69c22658ada162a5380a0f88cb8c0149023241b9e379732bd36152", size = 965051, upload-time = "2025-04-29T18:45:17.516Z" },
    { url = "https://files.pythonhosted.org/packages/54/95/627a047c32789544a938abfd9311c914e622cb036ad16866e7e1b9b80239/pymongo-4.12.1-cp313-cp313-macosx_11_0_arm64.whl", hash = "sha256:edf4e05331ac875d3b27b4654b74d81e44607af4aa7d6bcd4a31801ca164e6fd", size = 964732, upload-time = "2025-04-29T18:45:19.478Z" },
    { url = "https://files.pythonhosted.org/packages/8f/6d/7a604e3ab5399f8fe1ca88abdbf7e54ceb6cf03e64f68b2ed192d9a5eaf5/pymongo-4.12.1-cp313-cp313-manylinux_2_17_aarch64.manylinux2014_aarch64.whl", hash = "sha256:fa7a817c9afb7b8775d98c469ddb3fe9c17daf53225394c1a74893cf45d3ade9", size = 1953037, upload-time = "2025-04-29T18:45:22.115Z" },
    { url = "https://files.pythonhosted.org/packages/d5/d5/269388e7b0d02d35f55440baf1e0120320b6db1b555eaed7117d04b35402/pymongo-4.12.1-cp313-cp313-manylinux_2_17_ppc64le.manylinux2014_ppc64le.whl", hash = "sha256:f9d142ca531694e9324b3c9ba86c0e905c5f857599c4018a386c4dc02ca490fa", size = 2030467, upload-time = "2025-04-29T18:45:24.069Z" },
    { url = "https://files.pythonhosted.org/packages/4b/d0/04a6b48d6ca3fc2ff156185a3580799a748cf713239d6181e91234a663d3/pymongo-4.12.1-cp313-cp313-manylinux_2_17_s390x.manylinux2014_s390x.whl", hash = "sha256:d5d4c0461f5cd84d9fe87d5a84b1bc16371c4dd64d56dcfe5e69b15c0545a5ac", size = 1994139, upload-time = "2025-04-29T18:45:26.215Z" },
    { url = "https://files.pythonhosted.org/packages/ad/65/0567052d52c0ac8aaa4baa700b39cdd1cf2481d2e59bd9817a3daf169ca0/pymongo-4.12.1-cp313-cp313-manylinux_2_17_x86_64.manylinux2014_x86_64.whl", hash = "sha256:43afd2f39182731ac9fb81bbc9439d539e4bd2eda72cdee829d2fa906a1c4d37", size = 1954947, upload-time = "2025-04-29T18:45:28.423Z" },
    { url = "https://files.pythonhosted.org/packages/c5/5b/db25747b288218dbdd97e9aeff6a3bfa3f872efb4ed06fa8bec67b2a121e/pymongo-4.12.1-cp313-cp313-manylinux_2_5_i686.manylinux1_i686.manylinux_2_17_i686.manylinux2014_i686.whl", hash = "sha256:827ac668c003da7b175b8e5f521850e2c182b4638a3dec96d97f0866d5508a1e", size = 1904374, upload-time = "2025-04-29T18:45:30.943Z" },
    { url = "https://files.pythonhosted.org/packages/fc/1e/6d0eb040c02ae655fafd63bd737e96d7e832eecfd0bd37074d0066f94a78/pymongo-4.12.1-cp313-cp313-win32.whl", hash = "sha256:7c2269b37f034124a245eaeb34ce031cee64610437bd597d4a883304babda3cd", size = 925869, upload-time = "2025-04-29T18:45:32.998Z" },
    { url = "https://files.pythonhosted.org/packages/59/b9/459da646d9750529f04e7e686f0cd8dd40174138826574885da334c01b16/pymongo-4.12.1-cp313-cp313-win_amd64.whl", hash = "sha256:3b28ecd1305b89089be14f137ffbdf98a3b9f5c8dbbb2be4dec084f2813fbd5f", size = 948411, upload-time = "2025-04-29T18:45:35.445Z" },
    { url = "https://files.pythonhosted.org/packages/c9/c3/75be116159f210811656ec615b2248f63f1bc9dd1ce641e18db2552160f0/pymongo-4.12.1-cp313-cp313t-macosx_10_13_x86_64.whl", hash = "sha256:f27b22a8215caff68bdf46b5b61ccd843a68334f2aa4658e8d5ecb5d3fbebb3b", size = 1021562, upload-time = "2025-04-29T18:45:37.433Z" },
    { url = "https://files.pythonhosted.org/packages/cd/d1/2e8e368cad1c126a68365a6f53feaade58f9a16bd5f7a69f218af119b0e9/pymongo-4.12.1-cp313-cp313t-macosx_11_0_arm64.whl", hash = "sha256:5e9d23a3c290cf7409515466a7f11069b70e38ea2b786bbd7437bdc766c9e176", size = 1021553, upload-time = "2025-04-29T18:45:39.344Z" },
    { url = "https://files.pythonhosted.org/packages/17/6e/a6460bc1e3d3f5f46cc151417427b2687a6f87972fd68a33961a37c114df/pymongo-4.12.1-cp313-cp313t-manylinux_2_17_aarch64.manylinux2014_aarch64.whl", hash = "sha256:efeb430f7ca8649a6544a50caefead343d1fd096d04b6b6a002c6ce81148a85c", size = 2281736, upload-time = "2025-04-29T18:45:41.462Z" },
    { url = "https://files.pythonhosted.org/packages/1a/e2/9e1d6f1a492bb02116074baa832716805a0552d757c176e7c5f40867ca80/pymongo-4.12.1-cp313-cp313t-manylinux_2_17_ppc64le.manylinux2014_ppc64le.whl", hash = "sha256:a34e4a08bbcff56fdee86846afbc9ce751de95706ca189463e01bf5de3dd9927", size = 2368964, upload-time = "2025-04-29T18:45:43.579Z" },
    { url = "https://files.pythonhosted.org/packages/fa/df/88143016eca77e79e38cf072476c70dd360962934430447dabc9c6bef6df/pymongo-4.12.1-cp313-cp313t-manylinux_2_17_s390x.manylinux2014_s390x.whl", hash = "sha256:b063344e0282537f05dbb11147591cbf58fc09211e24fc374749e343f880910a", size = 2327834, upload-time = "2025-04-29T18:45:45.847Z" },
    { url = "https://files.pythonhosted.org/packages/3c/0d/df2998959b52cd5682b11e6eee1b0e0c104c07abd99c9cde5a871bb299fd/pymongo-4.12.1-cp313-cp313t-manylinux_2_17_x86_64.manylinux2014_x86_64.whl", hash = "sha256:c3f7941e01b3e5d4bfb3b4711425e809df8c471b92d1da8d6fab92c7e334a4cb", size = 2279126, upload-time = "2025-04-29T18:45:48.445Z" },
    { url = "https://files.pythonhosted.org/packages/fb/3e/102636f5aaf97ccfa2a156c253a89f234856a0cd252fa602d4bf077ba3c0/pymongo-4.12.1-cp313-cp313t-manylinux_2_5_i686.manylinux1_i686.manylinux_2_17_i686.manylinux2014_i686.whl", hash = "sha256:b41235014031739f32be37ff13992f51091dae9a5189d3bcc22a5bf81fd90dae", size = 2218136, upload-time = "2025-04-29T18:45:50.57Z" },
    { url = "https://files.pythonhosted.org/packages/44/c9/1b534c9d8d91d9d98310f2d955c5331fb522bd2a0105bd1fc31771d53758/pymongo-4.12.1-cp313-cp313t-win32.whl", hash = "sha256:9a1f07fe83a8a34651257179bd38d0f87bd9d90577fcca23364145c5e8ba1bc0", size = 974747, upload-time = "2025-04-29T18:45:52.66Z" },
    { url = "https://files.pythonhosted.org/packages/08/e2/7d3a30ac905c99ea93729e03d2bb3d16fec26a789e98407d61cb368ab4bb/pymongo-4.12.1-cp313-cp313t-win_amd64.whl", hash = "sha256:46d86cf91ee9609d0713242a1d99fa9e9c60b4315e1a067b9a9e769bedae629d", size = 1003332, upload-time = "2025-04-29T18:45:54.631Z" },
]

[[package]]
name = "pyparsing"
version = "3.2.3"
source = { registry = "https://pypi.org/simple" }
sdist = { url = "https://files.pythonhosted.org/packages/bb/22/f1129e69d94ffff626bdb5c835506b3a5b4f3d070f17ea295e12c2c6f60f/pyparsing-3.2.3.tar.gz", hash = "sha256:b9c13f1ab8b3b542f72e28f634bad4de758ab3ce4546e4301970ad6fa77c38be", size = 1088608, upload-time = "2025-03-25T05:01:28.114Z" }
wheels = [
    { url = "https://files.pythonhosted.org/packages/05/e7/df2285f3d08fee213f2d041540fa4fc9ca6c2d44cf36d3a035bf2a8d2bcc/pyparsing-3.2.3-py3-none-any.whl", hash = "sha256:a749938e02d6fd0b59b356ca504a24982314bb090c383e3cf201c95ef7e2bfcf", size = 111120, upload-time = "2025-03-25T05:01:24.908Z" },
]

[[package]]
name = "python-dotenv"
version = "1.1.0"
source = { registry = "https://pypi.org/simple" }
sdist = { url = "https://files.pythonhosted.org/packages/88/2c/7bb1416c5620485aa793f2de31d3df393d3686aa8a8506d11e10e13c5baf/python_dotenv-1.1.0.tar.gz", hash = "sha256:41f90bc6f5f177fb41f53e87666db362025010eb28f60a01c9143bfa33a2b2d5", size = 39920, upload-time = "2025-03-25T10:14:56.835Z" }
wheels = [
    { url = "https://files.pythonhosted.org/packages/1e/18/98a99ad95133c6a6e2005fe89faedf294a748bd5dc803008059409ac9b1e/python_dotenv-1.1.0-py3-none-any.whl", hash = "sha256:d7c01d9e2293916c18baf562d95698754b0dbbb5e74d457c45d4f6561fb9d55d", size = 20256, upload-time = "2025-03-25T10:14:55.034Z" },
]

[[package]]
name = "requests"
version = "2.32.3"
source = { registry = "https://pypi.org/simple" }
dependencies = [
    { name = "certifi" },
    { name = "charset-normalizer" },
    { name = "idna" },
    { name = "urllib3" },
]
sdist = { url = "https://files.pythonhosted.org/packages/63/70/2bf7780ad2d390a8d301ad0b550f1581eadbd9a20f896afe06353c2a2913/requests-2.32.3.tar.gz", hash = "sha256:55365417734eb18255590a9ff9eb97e9e1da868d4ccd6402399eaf68af20a760", size = 131218, upload-time = "2024-05-29T15:37:49.536Z" }
wheels = [
    { url = "https://files.pythonhosted.org/packages/f9/9b/335f9764261e915ed497fcdeb11df5dfd6f7bf257d4a6a2a686d80da4d54/requests-2.32.3-py3-none-any.whl", hash = "sha256:70761cfe03c773ceb22aa2f671b4757976145175cdfca038c02654d061d6dcc6", size = 64928, upload-time = "2024-05-29T15:37:47.027Z" },
]

[[package]]
name = "requests-oauthlib"
version = "2.0.0"
source = { registry = "https://pypi.org/simple" }
dependencies = [
    { name = "oauthlib" },
    { name = "requests" },
]
sdist = { url = "https://files.pythonhosted.org/packages/42/f2/05f29bc3913aea15eb670be136045bf5c5bbf4b99ecb839da9b422bb2c85/requests-oauthlib-2.0.0.tar.gz", hash = "sha256:b3dffaebd884d8cd778494369603a9e7b58d29111bf6b41bdc2dcd87203af4e9", size = 55650, upload-time = "2024-03-22T20:32:29.939Z" }
wheels = [
    { url = "https://files.pythonhosted.org/packages/3b/5d/63d4ae3b9daea098d5d6f5da83984853c1bbacd5dc826764b249fe119d24/requests_oauthlib-2.0.0-py2.py3-none-any.whl", hash = "sha256:7dd8a5c40426b779b0868c404bdef9768deccf22749cde15852df527e6269b36", size = 24179, upload-time = "2024-03-22T20:32:28.055Z" },
]

[[package]]
name = "rsa"
version = "4.9.1"
source = { registry = "https://pypi.org/simple" }
dependencies = [
    { name = "pyasn1" },
]
sdist = { url = "https://files.pythonhosted.org/packages/da/8a/22b7beea3ee0d44b1916c0c1cb0ee3af23b700b6da9f04991899d0c555d4/rsa-4.9.1.tar.gz", hash = "sha256:e7bdbfdb5497da4c07dfd35530e1a902659db6ff241e39d9953cad06ebd0ae75", size = 29034, upload-time = "2025-04-16T09:51:18.218Z" }
wheels = [
    { url = "https://files.pythonhosted.org/packages/64/8d/0133e4eb4beed9e425d9a98ed6e081a55d195481b7632472be1af08d2f6b/rsa-4.9.1-py3-none-any.whl", hash = "sha256:68635866661c6836b8d39430f97a996acbd61bfa49406748ea243539fe239762", size = 34696, upload-time = "2025-04-16T09:51:17.142Z" },
]

[[package]]
name = "sentry-sdk"
version = "2.29.1"
source = { registry = "https://pypi.org/simple" }
dependencies = [
    { name = "certifi" },
    { name = "urllib3" },
]
sdist = { url = "https://files.pythonhosted.org/packages/22/67/d552a5f8e5a6a56b2feea6529e2d8ccd54349084c84176d5a1f7295044bc/sentry_sdk-2.29.1.tar.gz", hash = "sha256:8d4a0206b95fa5fe85e5e7517ed662e3888374bdc342c00e435e10e6d831aa6d", size = 325518, upload-time = "2025-05-19T14:27:38.512Z" }
wheels = [
    { url = "https://files.pythonhosted.org/packages/f0/e5/da07b0bd832cefd52d16f2b9bbbe31624d57552602c06631686b93ccb1bd/sentry_sdk-2.29.1-py2.py3-none-any.whl", hash = "sha256:90862fe0616ded4572da6c9dadb363121a1ae49a49e21c418f0634e9d10b4c19", size = 341553, upload-time = "2025-05-19T14:27:36.882Z" },
]

[[package]]
name = "uritemplate"
version = "4.1.1"
source = { registry = "https://pypi.org/simple" }
sdist = { url = "https://files.pythonhosted.org/packages/d2/5a/4742fdba39cd02a56226815abfa72fe0aa81c33bed16ed045647d6000eba/uritemplate-4.1.1.tar.gz", hash = "sha256:4346edfc5c3b79f694bccd6d6099a322bbeb628dbf2cd86eea55a456ce5124f0", size = 273898, upload-time = "2021-10-13T11:15:14.84Z" }
wheels = [
    { url = "https://files.pythonhosted.org/packages/81/c0/7461b49cd25aeece13766f02ee576d1db528f1c37ce69aee300e075b485b/uritemplate-4.1.1-py2.py3-none-any.whl", hash = "sha256:830c08b8d99bdd312ea4ead05994a38e8936266f84b9a7878232db50b044e02e", size = 10356, upload-time = "2021-10-13T11:15:12.316Z" },
]

[[package]]
name = "urllib3"
version = "2.4.0"
source = { registry = "https://pypi.org/simple" }
sdist = { url = "https://files.pythonhosted.org/packages/8a/78/16493d9c386d8e60e442a35feac5e00f0913c0f4b7c217c11e8ec2ff53e0/urllib3-2.4.0.tar.gz", hash = "sha256:414bc6535b787febd7567804cc015fee39daab8ad86268f1310a9250697de466", size = 390672, upload-time = "2025-04-10T15:23:39.232Z" }
wheels = [
    { url = "https://files.pythonhosted.org/packages/6b/11/cc635220681e93a0183390e26485430ca2c7b5f9d33b15c74c2861cb8091/urllib3-2.4.0-py3-none-any.whl", hash = "sha256:4e16665048960a0900c702d4a66415956a584919c03361cac9f1df5c5dd7e813", size = 128680, upload-time = "2025-04-10T15:23:37.377Z" },
]
